{
  "name": "trolleyadventure-server",
  "version": "1.0.0",
  "lockfileVersion": 3,
  "requires": true,
  "packages": {
    "": {
      "name": "trolleyadventure-server",
      "version": "1.0.0",
      "license": "ISC",
      "dependencies": {
        "@hono/node-server": "^1.19.0",
        "@hono/zod-validator": "^0.7.2",
        "hono": "^4.9.4",
        "lowdb": "^7.0.1",
        "zod": "^4.1.0"
      }
    },
    "node_modules/@hono/node-server": {
      "version": "1.19.0",
      "resolved": "https://registry.npmjs.org/@hono/node-server/-/node-server-1.19.0.tgz",
      "integrity": "sha512-1k8/8OHf5VIymJEcJyVksFpT+AQ5euY0VA5hUkCnlKpD4mr8FSbvXaHblxeTTEr90OaqWzAkQaqD80qHZQKxBA==",
      "engines": {
        "node": ">=18.14.1"
      },
      "peerDependencies": {
        "hono": "^4"
      }
    },
    "node_modules/@hono/zod-validator": {
      "version": "0.7.2",
      "resolved": "https://registry.npmjs.org/@hono/zod-validator/-/zod-validator-0.7.2.tgz",
      "integrity": "sha512-ub5eL/NeZ4eLZawu78JpW/J+dugDAYhwqUIdp9KYScI6PZECij4Hx4UsrthlEUutqDDhPwRI0MscUfNkvn/mqQ==",
      "peerDependencies": {
        "hono": ">=3.9.0",
        "zod": "^3.25.0 || ^4.0.0"
      }
    },
    "node_modules/hono": {
      "version": "4.9.4",
      "resolved": "https://registry.npmjs.org/hono/-/hono-4.9.4.tgz",
      "integrity": "sha512-61hl6MF6ojTl/8QSRu5ran6GXt+6zsngIUN95KzF5v5UjiX/xnrLR358BNRawwIRO49JwUqJqQe3Rb2v559R8Q==",
      "engines": {
        "node": ">=16.9.0"
      }
    },
    "node_modules/lowdb": {
      "version": "7.0.1",
      "resolved": "https://registry.npmjs.org/lowdb/-/lowdb-7.0.1.tgz",
      "integrity": "sha512-neJAj8GwF0e8EpycYIDFqEPcx9Qz4GUho20jWFR7YiFeXzF1YMLdxB36PypcTSPMA+4+LvgyMacYhlr18Zlymw==",
      "dependencies": {
        "steno": "^4.0.2"
      },
      "engines": {
        "node": ">=18"
      },
      "funding": {
        "url": "https://github.com/sponsors/typicode"
      }
    },
    "node_modules/steno": {
      "version": "4.0.2",
      "resolved": "https://registry.npmjs.org/steno/-/steno-4.0.2.tgz",
      "integrity": "sha512-yhPIQXjrlt1xv7dyPQg2P17URmXbuM5pdGkpiMB3RenprfiBlvK415Lctfe0eshk90oA7/tNq7WEiMK8RSP39A==",
      "engines": {
        "node": ">=18"
      },
      "funding": {
        "url": "https://github.com/sponsors/typicode"
      }
    },
    "node_modules/zod": {
      "version": "4.1.0",
      "resolved": "https://registry.npmjs.org/zod/-/zod-4.1.0.tgz",
      "integrity": "sha512-UWxluYj2IDX9MHRXTMbB/2eeWrAMmmMSESM+MfT9MQw8U1qo9q5ASW08anoJh6AJ7pkt099fLdNFmfI+4aChHg==",
      "funding": {
        "url": "https://github.com/sponsors/colinhacks"
      }
    }
  }
}
