{
  "name": "trolleyadventure-server",
  "version": "1.0.0",
  "lockfileVersion": 3,
  "requires": true,
  "packages": {
    "": {
      "name": "trolleyadventure-server",
      "version": "1.0.0",
      "license": "ISC",
      "dependencies": {
        "@hono/node-server": "^1.19.0",
        "hono": "^4.9.4"
      }
    },
    "node_modules/@hono/node-server": {
      "version": "1.19.0",
      "resolved": "https://registry.npmjs.org/@hono/node-server/-/node-server-1.19.0.tgz",
      "integrity": "sha512-1k8/8OHf5VIymJEcJyVksFpT+AQ5euY0VA5hUkCnlKpD4mr8FSbvXaHblxeTTEr90OaqWzAkQaqD80qHZQKxBA==",
      "engines": {
        "node": ">=18.14.1"
      },
      "peerDependencies": {
        "hono": "^4"
      }
    },
    "node_modules/hono": {
      "version": "4.9.4",
      "resolved": "https://registry.npmjs.org/hono/-/hono-4.9.4.tgz",
      "integrity": "sha512-61hl6MF6ojTl/8QSRu5ran6GXt+6zsngIUN95KzF5v5UjiX/xnrLR358BNRawwIRO49JwUqJqQe3Rb2v559R8Q==",
      "engines": {
        "node": ">=16.9.0"
      }
    }
  }
}
